{
  "name": "physics-engine",
  "version": "1.0.0",
  "lockfileVersion": 3,
  "requires": true,
  "packages": {
    "": {
      "name": "physics-engine",
      "version": "1.0.0",
      "dependencies": {
        "gl-matrix": "^4.0.0-beta.2",
        "typescript": "^5.0.0"
      }
    },
    "node_modules/gl-matrix": {
      "version": "4.0.0-beta.2",
      "resolved": "https://registry.npmjs.org/gl-matrix/-/gl-matrix-4.0.0-beta.2.tgz",
      "integrity": "sha512-OF6IkQpMkF8p2CZF9EtzYZPlPaW3M41KMsgZGlTKmMv/nWaP6GMJi9V5tI+oPn8FG0io85Q5ZtKpCXP4u6YmDA==",
      "license": "MIT"
    },
    "node_modules/typescript": {
      "version": "5.8.2",
      "resolved": "https://registry.npmjs.org/typescript/-/typescript-5.8.2.tgz",
      "integrity": "sha512-aJn6wq13/afZp/jT9QZmwEjDqqvSGp1VT5GVg+f/t6/oVyrgXM6BY1h9BRh/O5p3PlUPAe+WuiEZOmb/49RqoQ==",
      "license": "Apache-2.0",
      "bin": {
        "tsc": "bin/tsc",
        "tsserver": "bin/tsserver"
      },
      "engines": {
        "node": ">=14.17"
      }
    }
  }
}
